
Microsoft Visual Studio Solution File, Format Version 12.00
# Visual Studio Version 17
VisualStudioVersion = 17.12.35527.113 d17.12
MinimumVisualStudioVersion = 10.0.40219.1
Project("{FAE04EC0-301F-11D3-BF4B-00C04F79EFBC}") = "ExpenseTrackerApp.Web", "ExpenseTrackerApp.Web\ExpenseTrackerApp.Web.csproj", "{1E034084-4653-44DB-BD96-620E59E08E02}"
EndProject
Project("{FAE04EC0-301F-11D3-BF4B-00C04F79EFBC}") = "ExpenseTrackerApp.Domain", "ExpenseTrackerApp.Domain\ExpenseTrackerApp.Domain.csproj", "{C9B89315-892F-4839-BBE0-AA2E08979B88}"
EndProject
Project("{FAE04EC0-301F-11D3-BF4B-00C04F79EFBC}") = "ExpenseTrackerApp.Database", "ExpenseTrackerApp.Database\ExpenseTrackerApp.Database.csproj", "{57E32D18-F463-4CF6-8787-205BCBD911E9}"
EndProject
Global
	GlobalSection(SolutionConfigurationPlatforms) = preSolution
		Debug|Any CPU = Debug|Any CPU
		Release|Any CPU = Release|Any CPU
	EndGlobalSection
	GlobalSection(ProjectConfigurationPlatforms) = postSolution
		{1E034084-4653-44DB-BD96-620E59E08E02}.Debug|Any CPU.ActiveCfg = Debug|Any CPU
		{1E034084-4653-44DB-BD96-620E59E08E02}.Debug|Any CPU.Build.0 = Debug|Any CPU
		{1E034084-4653-44DB-BD96-620E59E08E02}.Release|Any CPU.ActiveCfg = Release|Any CPU
		{1E034084-4653-44DB-BD96-620E59E08E02}.Release|Any CPU.Build.0 = Release|Any CPU
		{C9B89315-892F-4839-BBE0-AA2E08979B88}.Debug|Any CPU.ActiveCfg = Debug|Any CPU
		{C9B89315-892F-4839-BBE0-AA2E08979B88}.Debug|Any CPU.Build.0 = Debug|Any CPU
		{C9B89315-892F-4839-BBE0-AA2E08979B88}.Release|Any CPU.ActiveCfg = Release|Any CPU
		{C9B89315-892F-4839-BBE0-AA2E08979B88}.Release|Any CPU.Build.0 = Release|Any CPU
		{57E32D18-F463-4CF6-8787-205BCBD911E9}.Debug|Any CPU.ActiveCfg = Debug|Any CPU
		{57E32D18-F463-4CF6-8787-205BCBD911E9}.Debug|Any CPU.Build.0 = Debug|Any CPU
		{57E32D18-F463-4CF6-8787-205BCBD911E9}.Release|Any CPU.ActiveCfg = Release|Any CPU
		{57E32D18-F463-4CF6-8787-205BCBD911E9}.Release|Any CPU.Build.0 = Release|Any CPU
	EndGlobalSection
	GlobalSection(SolutionProperties) = preSolution
		HideSolutionNode = FALSE
	EndGlobalSection
EndGlobal
